
Microsoft Visual Studio Solution File, Format Version 12.00
# Visual Studio Version 17
VisualStudioVersion = 17.0.31903.59
MinimumVisualStudioVersion = 10.0.40219.1
Project("{FAE04EC0-301F-11D3-BF4B-00C04F79EFBC}") = "pokemon", "pokemon.csproj", "{A1503578-FE3A-4183-88C2-42567D960D8B}"
EndProject
Global
	GlobalSection(SolutionConfigurationPlatforms) = preSolution
		Debug|Any CPU = Debug|Any CPU
		Release|Any CPU = Release|Any CPU
	EndGlobalSection
	GlobalSection(SolutionProperties) = preSolution
		HideSolutionNode = FALSE
	EndGlobalSection
	GlobalSection(ProjectConfigurationPlatforms) = postSolution
		{A1503578-FE3A-4183-88C2-42567D960D8B}.Debug|Any CPU.ActiveCfg = Debug|Any CPU
		{A1503578-FE3A-4183-88C2-42567D960D8B}.Debug|Any CPU.Build.0 = Debug|Any CPU
		{A1503578-FE3A-4183-88C2-42567D960D8B}.Release|Any CPU.ActiveCfg = Release|Any CPU
		{A1503578-FE3A-4183-88C2-42567D960D8B}.Release|Any CPU.Build.0 = Release|Any CPU
		{B23C205D-9642-48AE-95E6-1A965D02B31A}.Debug|Any CPU.ActiveCfg = Debug|Any CPU
		{B23C205D-9642-48AE-95E6-1A965D02B31A}.Debug|Any CPU.Build.0 = Debug|Any CPU
		{B23C205D-9642-48AE-95E6-1A965D02B31A}.Release|Any CPU.ActiveCfg = Release|Any CPU
		{B23C205D-9642-48AE-95E6-1A965D02B31A}.Release|Any CPU.Build.0 = Release|Any CPU
	EndGlobalSection
EndGlobal
